{
  "lockfile-version": 1,
  "manifest": {
    "version": 1,
    "install": {
      "ruby": {
        "pkg-path": "ruby"
      }
    },
    "hook": {},
    "profile": {},
    "options": {
      "systems": [
        "aarch64-darwin",
        "aarch64-linux",
        "x86_64-darwin",
        "x86_64-linux"
      ],
      "allow": {
        "licenses": []
      },
      "semver": {}
    }
  },
  "packages": [
    {
      "attr_path": "ruby",
      "broken": false,
      "derivation": "/nix/store/zi6zfr4icvqllhjk6cnap9na0lhw0qlz-ruby-3.3.5.drv",
      "description": "Object-oriented language for quick and easy programming",
      "install_id": "ruby",
      "license": "Ruby",
      "locked_url": "https://github.com/flox/nixpkgs?rev=55d15ad12a74eb7d4646254e13638ad0c4128776",
      "name": "ruby-3.3.5",
      "pname": "ruby",
      "rev": "55d15ad12a74eb7d4646254e13638ad0c4128776",
      "rev_count": 716003,
      "rev_date": "2024-12-03T07:54:31Z",
      "scrape_date": "2024-12-04T03:55:34Z",
      "stabilities": [
        "unstable"
      ],
      "unfree": false,
      "version": "3.3.5",
      "outputs_to_install": [
        "out"
      ],
      "outputs": {
        "devdoc": "/nix/store/qbyqi9nj5yg8f4xm558ymlz9lk5fgzr7-ruby-3.3.5-devdoc",
        "out": "/nix/store/x1frilk1vr0fnk5zl55bfyv27ychiv3d-ruby-3.3.5"
      },
      "system": "aarch64-darwin",
      "group": "toplevel",
      "priority": 5
    },
    {
      "attr_path": "ruby",
      "broken": false,
      "derivation": "/nix/store/i8ri9nq1jjnfdpgng3nzwl9fw1lpbjnw-ruby-3.3.5.drv",
      "description": "Object-oriented language for quick and easy programming",
      "install_id": "ruby",
      "license": "Ruby",
      "locked_url": "https://github.com/flox/nixpkgs?rev=55d15ad12a74eb7d4646254e13638ad0c4128776",
      "name": "ruby-3.3.5",
      "pname": "ruby",
      "rev": "55d15ad12a74eb7d4646254e13638ad0c4128776",
      "rev_count": 716003,
      "rev_date": "2024-12-03T07:54:31Z",
      "scrape_date": "2024-12-04T03:55:34Z",
      "stabilities": [
        "unstable"
      ],
      "unfree": false,
      "version": "3.3.5",
      "outputs_to_install": [
        "out"
      ],
      "outputs": {
        "devdoc": "/nix/store/1han7xvbvh36d198sm4lp11c7w63kz8v-ruby-3.3.5-devdoc",
        "out": "/nix/store/sav56f0br714z8zc8vwchxas4izm2chj-ruby-3.3.5"
      },
      "system": "aarch64-linux",
      "group": "toplevel",
      "priority": 5
    },
    {
      "attr_path": "ruby",
      "broken": false,
      "derivation": "/nix/store/gg3zcbbrkqv03z1fknrcy9nvxxkkb81p-ruby-3.3.5.drv",
      "description": "Object-oriented language for quick and easy programming",
      "install_id": "ruby",
      "license": "Ruby",
      "locked_url": "https://github.com/flox/nixpkgs?rev=55d15ad12a74eb7d4646254e13638ad0c4128776",
      "name": "ruby-3.3.5",
      "pname": "ruby",
      "rev": "55d15ad12a74eb7d4646254e13638ad0c4128776",
      "rev_count": 716003,
      "rev_date": "2024-12-03T07:54:31Z",
      "scrape_date": "2024-12-04T03:55:34Z",
      "stabilities": [
        "unstable"
      ],
      "unfree": false,
      "version": "3.3.5",
      "outputs_to_install": [
        "out"
      ],
      "outputs": {
        "devdoc": "/nix/store/1j5dxwfvhqi65bzn4wqc23db7brd3hq4-ruby-3.3.5-devdoc",
        "out": "/nix/store/dy6k8szppx7rpa0b3sdxm0q7ni75zbn4-ruby-3.3.5"
      },
      "system": "x86_64-darwin",
      "group": "toplevel",
      "priority": 5
    },
    {
      "attr_path": "ruby",
      "broken": false,
      "derivation": "/nix/store/yxisim39bn4xc19h61m6qw9hj19nrl4x-ruby-3.3.5.drv",
      "description": "Object-oriented language for quick and easy programming",
      "install_id": "ruby",
      "license": "Ruby",
      "locked_url": "https://github.com/flox/nixpkgs?rev=55d15ad12a74eb7d4646254e13638ad0c4128776",
      "name": "ruby-3.3.5",
      "pname": "ruby",
      "rev": "55d15ad12a74eb7d4646254e13638ad0c4128776",
      "rev_count": 716003,
      "rev_date": "2024-12-03T07:54:31Z",
      "scrape_date": "2024-12-04T03:55:34Z",
      "stabilities": [
        "unstable"
      ],
      "unfree": false,
      "version": "3.3.5",
      "outputs_to_install": [
        "out"
      ],
      "outputs": {
        "devdoc": "/nix/store/3abwjizdsjmr85vms70zgsvjp0p7bgnr-ruby-3.3.5-devdoc",
        "out": "/nix/store/0ws1v8mcnqh6zkhdw7i5p5yb0rvcx188-ruby-3.3.5"
      },
      "system": "x86_64-linux",
      "group": "toplevel",
      "priority": 5
    }
  ]
}